// !$*UTF8*$!
{
	archiveVersion = 1;
	classes = {
	};
	objectVersion = 56;
	objects = {

/* Begin PBXBuildFile section */
		0261826A2C2B717D0090AB4C /* ProfileView.swift in Sources */ = {isa = PBXBuildFile; fileRef = 026182692C2B717D0090AB4C /* ProfileView.swift */; };
		0261826C2C2D72810090AB4C /* SettingRowView.swift in Sources */ = {isa = PBXBuildFile; fileRef = 0261826B2C2D72810090AB4C /* SettingRowView.swift */; };
		0261826E2C2D83080090AB4C /* User.swift in Sources */ = {isa = PBXBuildFile; fileRef = 0261826D2C2D83080090AB4C /* User.swift */; };
		026182702C2D8F400090AB4C /* GoogleService-Info.plist in Resources */ = {isa = PBXBuildFile; fileRef = 0261826F2C2D8F400090AB4C /* GoogleService-Info.plist */; };
		026182732C2D94600090AB4C /* FirebaseAnalytics in Frameworks */ = {isa = PBXBuildFile; productRef = 026182722C2D94600090AB4C /* FirebaseAnalytics */; };
		026182752C2D94600090AB4C /* FirebaseAnalyticsOnDeviceConversion in Frameworks */ = {isa = PBXBuildFile; productRef = 026182742C2D94600090AB4C /* FirebaseAnalyticsOnDeviceConversion */; };
		026182772C2D94600090AB4C /* FirebaseAnalyticsSwift in Frameworks */ = {isa = PBXBuildFile; productRef = 026182762C2D94600090AB4C /* FirebaseAnalyticsSwift */; };
		026182792C2D94600090AB4C /* FirebaseAnalyticsWithoutAdIdSupport in Frameworks */ = {isa = PBXBuildFile; productRef = 026182782C2D94600090AB4C /* FirebaseAnalyticsWithoutAdIdSupport */; };
		0261827B2C2D94600090AB4C /* FirebaseAppCheck in Frameworks */ = {isa = PBXBuildFile; productRef = 0261827A2C2D94600090AB4C /* FirebaseAppCheck */; };
		0261827D2C2D94600090AB4C /* FirebaseAppDistribution-Beta in Frameworks */ = {isa = PBXBuildFile; productRef = 0261827C2C2D94600090AB4C /* FirebaseAppDistribution-Beta */; };
		0261827F2C2D94600090AB4C /* FirebaseAuth in Frameworks */ = {isa = PBXBuildFile; productRef = 0261827E2C2D94600090AB4C /* FirebaseAuth */; };
		026182812C2D94600090AB4C /* FirebaseAuthCombine-Community in Frameworks */ = {isa = PBXBuildFile; productRef = 026182802C2D94600090AB4C /* FirebaseAuthCombine-Community */; };
		026182832C2D94600090AB4C /* FirebaseCrashlytics in Frameworks */ = {isa = PBXBuildFile; productRef = 026182822C2D94600090AB4C /* FirebaseCrashlytics */; };
		026182852C2D94600090AB4C /* FirebaseDatabase in Frameworks */ = {isa = PBXBuildFile; productRef = 026182842C2D94600090AB4C /* FirebaseDatabase */; };
		026182872C2D94600090AB4C /* FirebaseDatabaseSwift in Frameworks */ = {isa = PBXBuildFile; productRef = 026182862C2D94600090AB4C /* FirebaseDatabaseSwift */; };
		026182892C2D94600090AB4C /* FirebaseDynamicLinks in Frameworks */ = {isa = PBXBuildFile; productRef = 026182882C2D94600090AB4C /* FirebaseDynamicLinks */; };
		0261828B2C2D94600090AB4C /* FirebaseFunctions in Frameworks */ = {isa = PBXBuildFile; productRef = 0261828A2C2D94600090AB4C /* FirebaseFunctions */; };
		0261828D2C2D94600090AB4C /* FirebaseFunctionsCombine-Community in Frameworks */ = {isa = PBXBuildFile; productRef = 0261828C2C2D94600090AB4C /* FirebaseFunctionsCombine-Community */; };
		0261828F2C2D94600090AB4C /* FirebaseInAppMessaging-Beta in Frameworks */ = {isa = PBXBuildFile; productRef = 0261828E2C2D94600090AB4C /* FirebaseInAppMessaging-Beta */; };
		026182912C2D94600090AB4C /* FirebaseInAppMessagingSwift-Beta in Frameworks */ = {isa = PBXBuildFile; productRef = 026182902C2D94600090AB4C /* FirebaseInAppMessagingSwift-Beta */; };
		026182932C2D94600090AB4C /* FirebaseInstallations in Frameworks */ = {isa = PBXBuildFile; productRef = 026182922C2D94600090AB4C /* FirebaseInstallations */; };
		026182952C2D94600090AB4C /* FirebaseMLModelDownloader in Frameworks */ = {isa = PBXBuildFile; productRef = 026182942C2D94600090AB4C /* FirebaseMLModelDownloader */; };
		026182972C2D94600090AB4C /* FirebaseMessaging in Frameworks */ = {isa = PBXBuildFile; productRef = 026182962C2D94600090AB4C /* FirebaseMessaging */; };
		026182992C2D94600090AB4C /* FirebasePerformance in Frameworks */ = {isa = PBXBuildFile; productRef = 026182982C2D94600090AB4C /* FirebasePerformance */; };
		0261829B2C2D94600090AB4C /* FirebaseRemoteConfig in Frameworks */ = {isa = PBXBuildFile; productRef = 0261829A2C2D94600090AB4C /* FirebaseRemoteConfig */; };
		0261829D2C2D94600090AB4C /* FirebaseRemoteConfigSwift in Frameworks */ = {isa = PBXBuildFile; productRef = 0261829C2C2D94600090AB4C /* FirebaseRemoteConfigSwift */; };
		0261829F2C2D94600090AB4C /* FirebaseStorage in Frameworks */ = {isa = PBXBuildFile; productRef = 0261829E2C2D94600090AB4C /* FirebaseStorage */; };
		026182A12C2D94600090AB4C /* FirebaseStorageCombine-Community in Frameworks */ = {isa = PBXBuildFile; productRef = 026182A02C2D94600090AB4C /* FirebaseStorageCombine-Community */; };
		026182A32C2D94600090AB4C /* FirebaseVertexAI-Preview in Frameworks */ = {isa = PBXBuildFile; productRef = 026182A22C2D94600090AB4C /* FirebaseVertexAI-Preview */; };
		026182A72C2D951A0090AB4C /* AuthViewModel.swift in Sources */ = {isa = PBXBuildFile; fileRef = 026182A62C2D951A0090AB4C /* AuthViewModel.swift */; };
		02E5DD892C2EAFFB004EFE00 /* FirebaseAnalytics in Frameworks */ = {isa = PBXBuildFile; productRef = 02E5DD882C2EAFFB004EFE00 /* FirebaseAnalytics */; };
		02E5DD8B2C2EAFFB004EFE00 /* FirebaseAnalyticsOnDeviceConversion in Frameworks */ = {isa = PBXBuildFile; productRef = 02E5DD8A2C2EAFFB004EFE00 /* FirebaseAnalyticsOnDeviceConversion */; };
		02E5DD8D2C2EAFFB004EFE00 /* FirebaseAnalyticsSwift in Frameworks */ = {isa = PBXBuildFile; productRef = 02E5DD8C2C2EAFFB004EFE00 /* FirebaseAnalyticsSwift */; };
		02E5DD8F2C2EAFFB004EFE00 /* FirebaseAnalyticsWithoutAdIdSupport in Frameworks */ = {isa = PBXBuildFile; productRef = 02E5DD8E2C2EAFFB004EFE00 /* FirebaseAnalyticsWithoutAdIdSupport */; };
		02E5DD912C2EAFFB004EFE00 /* FirebaseAppCheck in Frameworks */ = {isa = PBXBuildFile; productRef = 02E5DD902C2EAFFB004EFE00 /* FirebaseAppCheck */; };
		02E5DD932C2EAFFB004EFE00 /* FirebaseAppDistribution-Beta in Frameworks */ = {isa = PBXBuildFile; productRef = 02E5DD922C2EAFFB004EFE00 /* FirebaseAppDistribution-Beta */; };
		02E5DD952C2EAFFB004EFE00 /* FirebaseAuth in Frameworks */ = {isa = PBXBuildFile; productRef = 02E5DD942C2EAFFB004EFE00 /* FirebaseAuth */; };
		02E5DD972C2EAFFB004EFE00 /* FirebaseAuthCombine-Community in Frameworks */ = {isa = PBXBuildFile; productRef = 02E5DD962C2EAFFB004EFE00 /* FirebaseAuthCombine-Community */; };
		02E5DD992C2EAFFB004EFE00 /* FirebaseCrashlytics in Frameworks */ = {isa = PBXBuildFile; productRef = 02E5DD982C2EAFFB004EFE00 /* FirebaseCrashlytics */; };
		02E5DD9B2C2EAFFB004EFE00 /* FirebaseDatabase in Frameworks */ = {isa = PBXBuildFile; productRef = 02E5DD9A2C2EAFFB004EFE00 /* FirebaseDatabase */; };
		02E5DD9D2C2EAFFB004EFE00 /* FirebaseDatabaseSwift in Frameworks */ = {isa = PBXBuildFile; productRef = 02E5DD9C2C2EAFFB004EFE00 /* FirebaseDatabaseSwift */; };
		02E5DD9F2C2EB103004EFE00 /* FirebaseAnalytics in Frameworks */ = {isa = PBXBuildFile; productRef = 02E5DD9E2C2EB103004EFE00 /* FirebaseAnalytics */; };
		02E5DDA12C2EB103004EFE00 /* FirebaseAnalyticsOnDeviceConversion in Frameworks */ = {isa = PBXBuildFile; productRef = 02E5DDA02C2EB103004EFE00 /* FirebaseAnalyticsOnDeviceConversion */; };
		02E5DDA32C2EB103004EFE00 /* FirebaseAnalyticsSwift in Frameworks */ = {isa = PBXBuildFile; productRef = 02E5DDA22C2EB103004EFE00 /* FirebaseAnalyticsSwift */; };
		02E5DDA52C2EB103004EFE00 /* FirebaseAnalyticsWithoutAdIdSupport in Frameworks */ = {isa = PBXBuildFile; productRef = 02E5DDA42C2EB103004EFE00 /* FirebaseAnalyticsWithoutAdIdSupport */; };
		02E5DDA72C2EB103004EFE00 /* FirebaseAppCheck in Frameworks */ = {isa = PBXBuildFile; productRef = 02E5DDA62C2EB103004EFE00 /* FirebaseAppCheck */; };
		02E5DDA92C2EB25F004EFE00 /* FirebaseFirestoreSwift in Frameworks */ = {isa = PBXBuildFile; productRef = 02E5DDA82C2EB25F004EFE00 /* FirebaseFirestoreSwift */; };
		02E5DDAB2C2EB475004EFE00 /* FirebaseAnalytics in Frameworks */ = {isa = PBXBuildFile; productRef = 02E5DDAA2C2EB475004EFE00 /* FirebaseAnalytics */; };
		02E5DDAD2C2EB475004EFE00 /* FirebaseAnalyticsOnDeviceConversion in Frameworks */ = {isa = PBXBuildFile; productRef = 02E5DDAC2C2EB475004EFE00 /* FirebaseAnalyticsOnDeviceConversion */; };
		02E5DDAF2C2EB475004EFE00 /* FirebaseAnalyticsSwift in Frameworks */ = {isa = PBXBuildFile; productRef = 02E5DDAE2C2EB475004EFE00 /* FirebaseAnalyticsSwift */; };
		02E5DDB12C2EB475004EFE00 /* FirebaseAnalyticsWithoutAdIdSupport in Frameworks */ = {isa = PBXBuildFile; productRef = 02E5DDB02C2EB475004EFE00 /* FirebaseAnalyticsWithoutAdIdSupport */; };
		02E5DDB32C2EB475004EFE00 /* FirebaseAppCheck in Frameworks */ = {isa = PBXBuildFile; productRef = 02E5DDB22C2EB475004EFE00 /* FirebaseAppCheck */; };
		02F986CC2C26F06100A78F8C /* SwiftUIAuthTutorialApp.swift in Sources */ = {isa = PBXBuildFile; fileRef = 02F986CB2C26F06100A78F8C /* SwiftUIAuthTutorialApp.swift */; };
		02F986CE2C26F06100A78F8C /* ContentView.swift in Sources */ = {isa = PBXBuildFile; fileRef = 02F986CD2C26F06100A78F8C /* ContentView.swift */; };
		02F986D02C26F06200A78F8C /* Assets.xcassets in Resources */ = {isa = PBXBuildFile; fileRef = 02F986CF2C26F06200A78F8C /* Assets.xcassets */; };
		02F986D32C26F06200A78F8C /* Preview Assets.xcassets in Resources */ = {isa = PBXBuildFile; fileRef = 02F986D22C26F06200A78F8C /* Preview Assets.xcassets */; };
		02F986E02C26F22C00A78F8C /* LoginView.swift in Sources */ = {isa = PBXBuildFile; fileRef = 02F986DF2C26F22C00A78F8C /* LoginView.swift */; };
		02F986E22C270F0600A78F8C /* InputView.swift in Sources */ = {isa = PBXBuildFile; fileRef = 02F986E12C270F0600A78F8C /* InputView.swift */; };
		02F986E42C27211400A78F8C /* RegistrationView.swift in Sources */ = {isa = PBXBuildFile; fileRef = 02F986E32C27211400A78F8C /* RegistrationView.swift */; };
/* End PBXBuildFile section */

/* Begin PBXFileReference section */
		026182692C2B717D0090AB4C /* ProfileView.swift */ = {isa = PBXFileReference; lastKnownFileType = sourcecode.swift; path = ProfileView.swift; sourceTree = "<group>"; };
		0261826B2C2D72810090AB4C /* SettingRowView.swift */ = {isa = PBXFileReference; lastKnownFileType = sourcecode.swift; path = SettingRowView.swift; sourceTree = "<group>"; };
		0261826D2C2D83080090AB4C /* User.swift */ = {isa = PBXFileReference; lastKnownFileType = sourcecode.swift; path = User.swift; sourceTree = "<group>"; };
		0261826F2C2D8F400090AB4C /* GoogleService-Info.plist */ = {isa = PBXFileReference; lastKnownFileType = text.plist; path = "GoogleService-Info.plist"; sourceTree = SOURCE_ROOT; };
		026182A62C2D951A0090AB4C /* AuthViewModel.swift */ = {isa = PBXFileReference; lastKnownFileType = sourcecode.swift; path = AuthViewModel.swift; sourceTree = "<group>"; };
		02F986C82C26F06100A78F8C /* SwiftUIAuthTutorial.app */ = {isa = PBXFileReference; explicitFileType = wrapper.application; includeInIndex = 0; path = SwiftUIAuthTutorial.app; sourceTree = BUILT_PRODUCTS_DIR; };
		02F986CB2C26F06100A78F8C /* SwiftUIAuthTutorialApp.swift */ = {isa = PBXFileReference; lastKnownFileType = sourcecode.swift; path = SwiftUIAuthTutorialApp.swift; sourceTree = "<group>"; };
		02F986CD2C26F06100A78F8C /* ContentView.swift */ = {isa = PBXFileReference; lastKnownFileType = sourcecode.swift; path = ContentView.swift; sourceTree = "<group>"; };
		02F986CF2C26F06200A78F8C /* Assets.xcassets */ = {isa = PBXFileReference; lastKnownFileType = folder.assetcatalog; path = Assets.xcassets; sourceTree = "<group>"; };
		02F986D22C26F06200A78F8C /* Preview Assets.xcassets */ = {isa = PBXFileReference; lastKnownFileType = folder.assetcatalog; path = "Preview Assets.xcassets"; sourceTree = "<group>"; };
		02F986DF2C26F22C00A78F8C /* LoginView.swift */ = {isa = PBXFileReference; lastKnownFileType = sourcecode.swift; path = LoginView.swift; sourceTree = "<group>"; };
		02F986E12C270F0600A78F8C /* InputView.swift */ = {isa = PBXFileReference; lastKnownFileType = sourcecode.swift; path = InputView.swift; sourceTree = "<group>"; };
		02F986E32C27211400A78F8C /* RegistrationView.swift */ = {isa = PBXFileReference; lastKnownFileType = sourcecode.swift; path = RegistrationView.swift; sourceTree = "<group>"; };
/* End PBXFileReference section */

/* Begin PBXFrameworksBuildPhase section */
		02F986C52C26F06100A78F8C /* Frameworks */ = {
			isa = PBXFrameworksBuildPhase;
			buildActionMask = 2147483647;
			files = (
				026182852C2D94600090AB4C /* FirebaseDatabase in Frameworks */,
				026182772C2D94600090AB4C /* FirebaseAnalyticsSwift in Frameworks */,
				02E5DDAB2C2EB475004EFE00 /* FirebaseAnalytics in Frameworks */,
				026182992C2D94600090AB4C /* FirebasePerformance in Frameworks */,
				02E5DD932C2EAFFB004EFE00 /* FirebaseAppDistribution-Beta in Frameworks */,
				0261829B2C2D94600090AB4C /* FirebaseRemoteConfig in Frameworks */,
				02E5DD9B2C2EAFFB004EFE00 /* FirebaseDatabase in Frameworks */,
				02E5DD8D2C2EAFFB004EFE00 /* FirebaseAnalyticsSwift in Frameworks */,
				02E5DD8B2C2EAFFB004EFE00 /* FirebaseAnalyticsOnDeviceConversion in Frameworks */,
				02E5DDAF2C2EB475004EFE00 /* FirebaseAnalyticsSwift in Frameworks */,
				02E5DD892C2EAFFB004EFE00 /* FirebaseAnalytics in Frameworks */,
				02E5DDA32C2EB103004EFE00 /* FirebaseAnalyticsSwift in Frameworks */,
				026182732C2D94600090AB4C /* FirebaseAnalytics in Frameworks */,
				026182A32C2D94600090AB4C /* FirebaseVertexAI-Preview in Frameworks */,
				02E5DD8F2C2EAFFB004EFE00 /* FirebaseAnalyticsWithoutAdIdSupport in Frameworks */,
				02E5DD9D2C2EAFFB004EFE00 /* FirebaseDatabaseSwift in Frameworks */,
				02E5DDA12C2EB103004EFE00 /* FirebaseAnalyticsOnDeviceConversion in Frameworks */,
				0261829D2C2D94600090AB4C /* FirebaseRemoteConfigSwift in Frameworks */,
				02E5DD9F2C2EB103004EFE00 /* FirebaseAnalytics in Frameworks */,
				02E5DDA92C2EB25F004EFE00 /* FirebaseFirestoreSwift in Frameworks */,
				026182752C2D94600090AB4C /* FirebaseAnalyticsOnDeviceConversion in Frameworks */,
				02E5DD992C2EAFFB004EFE00 /* FirebaseCrashlytics in Frameworks */,
				0261827B2C2D94600090AB4C /* FirebaseAppCheck in Frameworks */,
				026182792C2D94600090AB4C /* FirebaseAnalyticsWithoutAdIdSupport in Frameworks */,
				02E5DDA72C2EB103004EFE00 /* FirebaseAppCheck in Frameworks */,
				0261827F2C2D94600090AB4C /* FirebaseAuth in Frameworks */,
				026182A12C2D94600090AB4C /* FirebaseStorageCombine-Community in Frameworks */,
				0261828D2C2D94600090AB4C /* FirebaseFunctionsCombine-Community in Frameworks */,
				0261829F2C2D94600090AB4C /* FirebaseStorage in Frameworks */,
				026182972C2D94600090AB4C /* FirebaseMessaging in Frameworks */,
				026182932C2D94600090AB4C /* FirebaseInstallations in Frameworks */,
				026182832C2D94600090AB4C /* FirebaseCrashlytics in Frameworks */,
				026182872C2D94600090AB4C /* FirebaseDatabaseSwift in Frameworks */,
				026182912C2D94600090AB4C /* FirebaseInAppMessagingSwift-Beta in Frameworks */,
				0261828B2C2D94600090AB4C /* FirebaseFunctions in Frameworks */,
				02E5DDA52C2EB103004EFE00 /* FirebaseAnalyticsWithoutAdIdSupport in Frameworks */,
				02E5DDB32C2EB475004EFE00 /* FirebaseAppCheck in Frameworks */,
				02E5DDAD2C2EB475004EFE00 /* FirebaseAnalyticsOnDeviceConversion in Frameworks */,
				0261827D2C2D94600090AB4C /* FirebaseAppDistribution-Beta in Frameworks */,
				026182812C2D94600090AB4C /* FirebaseAuthCombine-Community in Frameworks */,
				02E5DDB12C2EB475004EFE00 /* FirebaseAnalyticsWithoutAdIdSupport in Frameworks */,
				026182952C2D94600090AB4C /* FirebaseMLModelDownloader in Frameworks */,
				02E5DD972C2EAFFB004EFE00 /* FirebaseAuthCombine-Community in Frameworks */,
				026182892C2D94600090AB4C /* FirebaseDynamicLinks in Frameworks */,
				02E5DD912C2EAFFB004EFE00 /* FirebaseAppCheck in Frameworks */,
				0261828F2C2D94600090AB4C /* FirebaseInAppMessaging-Beta in Frameworks */,
				02E5DD952C2EAFFB004EFE00 /* FirebaseAuth in Frameworks */,
			);
			runOnlyForDeploymentPostprocessing = 0;
		};
/* End PBXFrameworksBuildPhase section */

/* Begin PBXGroup section */
		026182682C2B716C0090AB4C /* Profile */ = {
			isa = PBXGroup;
			children = (
				026182692C2B717D0090AB4C /* ProfileView.swift */,
			);
			path = Profile;
			sourceTree = "<group>";
		};
		026182A42C2D94E50090AB4C /* View */ = {
			isa = PBXGroup;
			children = (
				02F986DF2C26F22C00A78F8C /* LoginView.swift */,
				02F986E32C27211400A78F8C /* RegistrationView.swift */,
			);
			path = View;
			sourceTree = "<group>";
		};
		026182A52C2D94F30090AB4C /* ViewModel */ = {
			isa = PBXGroup;
			children = (
				026182A62C2D951A0090AB4C /* AuthViewModel.swift */,
			);
			path = ViewModel;
			sourceTree = "<group>";
		};
		026182A82C2EA9440090AB4C /* Frameworks */ = {
			isa = PBXGroup;
			children = (
			);
			name = Frameworks;
			sourceTree = "<group>";
		};
		02F986BF2C26F06100A78F8C = {
			isa = PBXGroup;
			children = (
				02F986CA2C26F06100A78F8C /* SwiftUIAuthTutorial */,
				02F986C92C26F06100A78F8C /* Products */,
				026182A82C2EA9440090AB4C /* Frameworks */,
			);
			sourceTree = "<group>";
		};
		02F986C92C26F06100A78F8C /* Products */ = {
			isa = PBXGroup;
			children = (
				02F986C82C26F06100A78F8C /* SwiftUIAuthTutorial.app */,
			);
			name = Products;
			sourceTree = "<group>";
		};
		02F986CA2C26F06100A78F8C /* SwiftUIAuthTutorial */ = {
			isa = PBXGroup;
			children = (
				02F986D92C26F06B00A78F8C /* App */,
				02F986DA2C26F08700A78F8C /* Components */,
				02F986DB2C26F08E00A78F8C /* Core */,
				02F986DC2C26F0C400A78F8C /* Model */,
				02F986CF2C26F06200A78F8C /* Assets.xcassets */,
				0261826F2C2D8F400090AB4C /* GoogleService-Info.plist */,
				02F986D12C26F06200A78F8C /* Preview Content */,
			);
			path = SwiftUIAuthTutorial;
			sourceTree = "<group>";
		};
		02F986D12C26F06200A78F8C /* Preview Content */ = {
			isa = PBXGroup;
			children = (
				02F986D22C26F06200A78F8C /* Preview Assets.xcassets */,
			);
			path = "Preview Content";
			sourceTree = "<group>";
		};
		02F986D92C26F06B00A78F8C /* App */ = {
			isa = PBXGroup;
			children = (
				02F986CB2C26F06100A78F8C /* SwiftUIAuthTutorialApp.swift */,
			);
			path = App;
			sourceTree = "<group>";
		};
		02F986DA2C26F08700A78F8C /* Components */ = {
			isa = PBXGroup;
			children = (
				02F986E12C270F0600A78F8C /* InputView.swift */,
				0261826B2C2D72810090AB4C /* SettingRowView.swift */,
			);
			path = Components;
			sourceTree = "<group>";
		};
		02F986DB2C26F08E00A78F8C /* Core */ = {
			isa = PBXGroup;
			children = (
				026182682C2B716C0090AB4C /* Profile */,
				02F986DE2C26F21C00A78F8C /* Authentication */,
				02F986DD2C26F0F300A78F8C /* Root */,
			);
			path = Core;
			sourceTree = "<group>";
		};
		02F986DC2C26F0C400A78F8C /* Model */ = {
			isa = PBXGroup;
			children = (
				0261826D2C2D83080090AB4C /* User.swift */,
			);
			path = Model;
			sourceTree = "<group>";
		};
		02F986DD2C26F0F300A78F8C /* Root */ = {
			isa = PBXGroup;
			children = (
				02F986CD2C26F06100A78F8C /* ContentView.swift */,
			);
			path = Root;
			sourceTree = "<group>";
		};
		02F986DE2C26F21C00A78F8C /* Authentication */ = {
			isa = PBXGroup;
			children = (
				026182A52C2D94F30090AB4C /* ViewModel */,
				026182A42C2D94E50090AB4C /* View */,
			);
			path = Authentication;
			sourceTree = "<group>";
		};
/* End PBXGroup section */

/* Begin PBXNativeTarget section */
		02F986C72C26F06100A78F8C /* SwiftUIAuthTutorial */ = {
			isa = PBXNativeTarget;
			buildConfigurationList = 02F986D62C26F06200A78F8C /* Build configuration list for PBXNativeTarget "SwiftUIAuthTutorial" */;
			buildPhases = (
				02F986C42C26F06100A78F8C /* Sources */,
				02F986C52C26F06100A78F8C /* Frameworks */,
				02F986C62C26F06100A78F8C /* Resources */,
			);
			buildRules = (
			);
			dependencies = (
			);
			name = SwiftUIAuthTutorial;
			packageProductDependencies = (
				026182722C2D94600090AB4C /* FirebaseAnalytics */,
				026182742C2D94600090AB4C /* FirebaseAnalyticsOnDeviceConversion */,
				026182762C2D94600090AB4C /* FirebaseAnalyticsSwift */,
				026182782C2D94600090AB4C /* FirebaseAnalyticsWithoutAdIdSupport */,
				0261827A2C2D94600090AB4C /* FirebaseAppCheck */,
				0261827C2C2D94600090AB4C /* FirebaseAppDistribution-Beta */,
				0261827E2C2D94600090AB4C /* FirebaseAuth */,
				026182802C2D94600090AB4C /* FirebaseAuthCombine-Community */,
				026182822C2D94600090AB4C /* FirebaseCrashlytics */,
				026182842C2D94600090AB4C /* FirebaseDatabase */,
				026182862C2D94600090AB4C /* FirebaseDatabaseSwift */,
				026182882C2D94600090AB4C /* FirebaseDynamicLinks */,
				0261828A2C2D94600090AB4C /* FirebaseFunctions */,
				0261828C2C2D94600090AB4C /* FirebaseFunctionsCombine-Community */,
				0261828E2C2D94600090AB4C /* FirebaseInAppMessaging-Beta */,
				026182902C2D94600090AB4C /* FirebaseInAppMessagingSwift-Beta */,
				026182922C2D94600090AB4C /* FirebaseInstallations */,
				026182942C2D94600090AB4C /* FirebaseMLModelDownloader */,
				026182962C2D94600090AB4C /* FirebaseMessaging */,
				026182982C2D94600090AB4C /* FirebasePerformance */,
				0261829A2C2D94600090AB4C /* FirebaseRemoteConfig */,
				0261829C2C2D94600090AB4C /* FirebaseRemoteConfigSwift */,
				0261829E2C2D94600090AB4C /* FirebaseStorage */,
				026182A02C2D94600090AB4C /* FirebaseStorageCombine-Community */,
				026182A22C2D94600090AB4C /* FirebaseVertexAI-Preview */,
				02E5DD882C2EAFFB004EFE00 /* FirebaseAnalytics */,
				02E5DD8A2C2EAFFB004EFE00 /* FirebaseAnalyticsOnDeviceConversion */,
				02E5DD8C2C2EAFFB004EFE00 /* FirebaseAnalyticsSwift */,
				02E5DD8E2C2EAFFB004EFE00 /* FirebaseAnalyticsWithoutAdIdSupport */,
				02E5DD902C2EAFFB004EFE00 /* FirebaseAppCheck */,
				02E5DD922C2EAFFB004EFE00 /* FirebaseAppDistribution-Beta */,
				02E5DD942C2EAFFB004EFE00 /* FirebaseAuth */,
				02E5DD962C2EAFFB004EFE00 /* FirebaseAuthCombine-Community */,
				02E5DD982C2EAFFB004EFE00 /* FirebaseCrashlytics */,
				02E5DD9A2C2EAFFB004EFE00 /* FirebaseDatabase */,
				02E5DD9C2C2EAFFB004EFE00 /* FirebaseDatabaseSwift */,
				02E5DD9E2C2EB103004EFE00 /* FirebaseAnalytics */,
				02E5DDA02C2EB103004EFE00 /* FirebaseAnalyticsOnDeviceConversion */,
				02E5DDA22C2EB103004EFE00 /* FirebaseAnalyticsSwift */,
				02E5DDA42C2EB103004EFE00 /* FirebaseAnalyticsWithoutAdIdSupport */,
				02E5DDA62C2EB103004EFE00 /* FirebaseAppCheck */,
				02E5DDA82C2EB25F004EFE00 /* FirebaseFirestoreSwift */,
				02E5DDAA2C2EB475004EFE00 /* FirebaseAnalytics */,
				02E5DDAC2C2EB475004EFE00 /* FirebaseAnalyticsOnDeviceConversion */,
				02E5DDAE2C2EB475004EFE00 /* FirebaseAnalyticsSwift */,
				02E5DDB02C2EB475004EFE00 /* FirebaseAnalyticsWithoutAdIdSupport */,
				02E5DDB22C2EB475004EFE00 /* FirebaseAppCheck */,
			);
			productName = SwiftUIAuthTutorial;
			productReference = 02F986C82C26F06100A78F8C /* SwiftUIAuthTutorial.app */;
			productType = "com.apple.product-type.application";
		};
/* End PBXNativeTarget section */

/* Begin PBXProject section */
		02F986C02C26F06100A78F8C /* Project object */ = {
			isa = PBXProject;
			attributes = {
				BuildIndependentTargetsInParallel = 1;
				LastSwiftUpdateCheck = 1510;
				LastUpgradeCheck = 1510;
				TargetAttributes = {
					02F986C72C26F06100A78F8C = {
						CreatedOnToolsVersion = 15.1;
					};
				};
			};
			buildConfigurationList = 02F986C32C26F06100A78F8C /* Build configuration list for PBXProject "SwiftUIAuthTutorial" */;
			compatibilityVersion = "Xcode 14.0";
			developmentRegion = en;
			hasScannedForEncodings = 0;
			knownRegions = (
				en,
				Base,
			);
			mainGroup = 02F986BF2C26F06100A78F8C;
			packageReferences = (
				026182712C2D94600090AB4C /* XCRemoteSwiftPackageReference "firebase-ios-sdk" */,
			);
			productRefGroup = 02F986C92C26F06100A78F8C /* Products */;
			projectDirPath = "";
			projectRoot = "";
			targets = (
				02F986C72C26F06100A78F8C /* SwiftUIAuthTutorial */,
			);
		};
/* End PBXProject section */

/* Begin PBXResourcesBuildPhase section */
		02F986C62C26F06100A78F8C /* Resources */ = {
			isa = PBXResourcesBuildPhase;
			buildActionMask = 2147483647;
			files = (
				02F986D32C26F06200A78F8C /* Preview Assets.xcassets in Resources */,
				02F986D02C26F06200A78F8C /* Assets.xcassets in Resources */,
				026182702C2D8F400090AB4C /* GoogleService-Info.plist in Resources */,
			);
			runOnlyForDeploymentPostprocessing = 0;
		};
/* End PBXResourcesBuildPhase section */

/* Begin PBXSourcesBuildPhase section */
		02F986C42C26F06100A78F8C /* Sources */ = {
			isa = PBXSourcesBuildPhase;
			buildActionMask = 2147483647;
			files = (
				02F986E02C26F22C00A78F8C /* LoginView.swift in Sources */,
				02F986E22C270F0600A78F8C /* InputView.swift in Sources */,
				0261826C2C2D72810090AB4C /* SettingRowView.swift in Sources */,
				02F986CE2C26F06100A78F8C /* ContentView.swift in Sources */,
				0261826E2C2D83080090AB4C /* User.swift in Sources */,
				02F986CC2C26F06100A78F8C /* SwiftUIAuthTutorialApp.swift in Sources */,
				0261826A2C2B717D0090AB4C /* ProfileView.swift in Sources */,
				02F986E42C27211400A78F8C /* RegistrationView.swift in Sources */,
				026182A72C2D951A0090AB4C /* AuthViewModel.swift in Sources */,
			);
			runOnlyForDeploymentPostprocessing = 0;
		};
/* End PBXSourcesBuildPhase section */

/* Begin XCBuildConfiguration section */
		02F986D42C26F06200A78F8C /* Debug */ = {
			isa = XCBuildConfiguration;
			buildSettings = {
				ALWAYS_SEARCH_USER_PATHS = NO;
				ASSETCATALOG_COMPILER_GENERATE_SWIFT_ASSET_SYMBOL_EXTENSIONS = YES;
				CLANG_ANALYZER_NONNULL = YES;
				CLANG_ANALYZER_NUMBER_OBJECT_CONVERSION = YES_AGGRESSIVE;
				CLANG_CXX_LANGUAGE_STANDARD = "gnu++20";
				CLANG_ENABLE_MODULES = YES;
				CLANG_ENABLE_OBJC_ARC = YES;
				CLANG_ENABLE_OBJC_WEAK = YES;
				CLANG_WARN_BLOCK_CAPTURE_AUTORELEASING = YES;
				CLANG_WARN_BOOL_CONVERSION = YES;
				CLANG_WARN_COMMA = YES;
				CLANG_WARN_CONSTANT_CONVERSION = YES;
				CLANG_WARN_DEPRECATED_OBJC_IMPLEMENTATIONS = YES;
				CLANG_WARN_DIRECT_OBJC_ISA_USAGE = YES_ERROR;
				CLANG_WARN_DOCUMENTATION_COMMENTS = YES;
				CLANG_WARN_EMPTY_BODY = YES;
				CLANG_WARN_ENUM_CONVERSION = YES;
				CLANG_WARN_INFINITE_RECURSION = YES;
				CLANG_WARN_INT_CONVERSION = YES;
				CLANG_WARN_NON_LITERAL_NULL_CONVERSION = YES;
				CLANG_WARN_OBJC_IMPLICIT_RETAIN_SELF = YES;
				CLANG_WARN_OBJC_LITERAL_CONVERSION = YES;
				CLANG_WARN_OBJC_ROOT_CLASS = YES_ERROR;
				CLANG_WARN_QUOTED_INCLUDE_IN_FRAMEWORK_HEADER = YES;
				CLANG_WARN_RANGE_LOOP_ANALYSIS = YES;
				CLANG_WARN_STRICT_PROTOTYPES = YES;
				CLANG_WARN_SUSPICIOUS_MOVE = YES;
				CLANG_WARN_UNGUARDED_AVAILABILITY = YES_AGGRESSIVE;
				CLANG_WARN_UNREACHABLE_CODE = YES;
				CLANG_WARN__DUPLICATE_METHOD_MATCH = YES;
				COPY_PHASE_STRIP = NO;
				DEBUG_INFORMATION_FORMAT = dwarf;
				ENABLE_STRICT_OBJC_MSGSEND = YES;
				ENABLE_TESTABILITY = YES;
				ENABLE_USER_SCRIPT_SANDBOXING = YES;
				GCC_C_LANGUAGE_STANDARD = gnu17;
				GCC_DYNAMIC_NO_PIC = NO;
				GCC_NO_COMMON_BLOCKS = YES;
				GCC_OPTIMIZATION_LEVEL = 0;
				GCC_PREPROCESSOR_DEFINITIONS = (
					"DEBUG=1",
					"$(inherited)",
				);
				GCC_WARN_64_TO_32_BIT_CONVERSION = YES;
				GCC_WARN_ABOUT_RETURN_TYPE = YES_ERROR;
				GCC_WARN_UNDECLARED_SELECTOR = YES;
				GCC_WARN_UNINITIALIZED_AUTOS = YES_AGGRESSIVE;
				GCC_WARN_UNUSED_FUNCTION = YES;
				GCC_WARN_UNUSED_VARIABLE = YES;
				IPHONEOS_DEPLOYMENT_TARGET = 17.2;
				LOCALIZATION_PREFERS_STRING_CATALOGS = YES;
				MTL_ENABLE_DEBUG_INFO = INCLUDE_SOURCE;
				MTL_FAST_MATH = YES;
				ONLY_ACTIVE_ARCH = YES;
				SDKROOT = iphoneos;
				SWIFT_ACTIVE_COMPILATION_CONDITIONS = "DEBUG $(inherited)";
				SWIFT_OPTIMIZATION_LEVEL = "-Onone";
			};
			name = Debug;
		};
		02F986D52C26F06200A78F8C /* Release */ = {
			isa = XCBuildConfiguration;
			buildSettings = {
				ALWAYS_SEARCH_USER_PATHS = NO;
				ASSETCATALOG_COMPILER_GENERATE_SWIFT_ASSET_SYMBOL_EXTENSIONS = YES;
				CLANG_ANALYZER_NONNULL = YES;
				CLANG_ANALYZER_NUMBER_OBJECT_CONVERSION = YES_AGGRESSIVE;
				CLANG_CXX_LANGUAGE_STANDARD = "gnu++20";
				CLANG_ENABLE_MODULES = YES;
				CLANG_ENABLE_OBJC_ARC = YES;
				CLANG_ENABLE_OBJC_WEAK = YES;
				CLANG_WARN_BLOCK_CAPTURE_AUTORELEASING = YES;
				CLANG_WARN_BOOL_CONVERSION = YES;
				CLANG_WARN_COMMA = YES;
				CLANG_WARN_CONSTANT_CONVERSION = YES;
				CLANG_WARN_DEPRECATED_OBJC_IMPLEMENTATIONS = YES;
				CLANG_WARN_DIRECT_OBJC_ISA_USAGE = YES_ERROR;
				CLANG_WARN_DOCUMENTATION_COMMENTS = YES;
				CLANG_WARN_EMPTY_BODY = YES;
				CLANG_WARN_ENUM_CONVERSION = YES;
				CLANG_WARN_INFINITE_RECURSION = YES;
				CLANG_WARN_INT_CONVERSION = YES;
				CLANG_WARN_NON_LITERAL_NULL_CONVERSION = YES;
				CLANG_WARN_OBJC_IMPLICIT_RETAIN_SELF = YES;
				CLANG_WARN_OBJC_LITERAL_CONVERSION = YES;
				CLANG_WARN_OBJC_ROOT_CLASS = YES_ERROR;
				CLANG_WARN_QUOTED_INCLUDE_IN_FRAMEWORK_HEADER = YES;
				CLANG_WARN_RANGE_LOOP_ANALYSIS = YES;
				CLANG_WARN_STRICT_PROTOTYPES = YES;
				CLANG_WARN_SUSPICIOUS_MOVE = YES;
				CLANG_WARN_UNGUARDED_AVAILABILITY = YES_AGGRESSIVE;
				CLANG_WARN_UNREACHABLE_CODE = YES;
				CLANG_WARN__DUPLICATE_METHOD_MATCH = YES;
				COPY_PHASE_STRIP = NO;
				DEBUG_INFORMATION_FORMAT = "dwarf-with-dsym";
				ENABLE_NS_ASSERTIONS = NO;
				ENABLE_STRICT_OBJC_MSGSEND = YES;
				ENABLE_USER_SCRIPT_SANDBOXING = YES;
				GCC_C_LANGUAGE_STANDARD = gnu17;
				GCC_NO_COMMON_BLOCKS = YES;
				GCC_WARN_64_TO_32_BIT_CONVERSION = YES;
				GCC_WARN_ABOUT_RETURN_TYPE = YES_ERROR;
				GCC_WARN_UNDECLARED_SELECTOR = YES;
				GCC_WARN_UNINITIALIZED_AUTOS = YES_AGGRESSIVE;
				GCC_WARN_UNUSED_FUNCTION = YES;
				GCC_WARN_UNUSED_VARIABLE = YES;
				IPHONEOS_DEPLOYMENT_TARGET = 17.2;
				LOCALIZATION_PREFERS_STRING_CATALOGS = YES;
				MTL_ENABLE_DEBUG_INFO = NO;
				MTL_FAST_MATH = YES;
				SDKROOT = iphoneos;
				SWIFT_COMPILATION_MODE = wholemodule;
				VALIDATE_PRODUCT = YES;
			};
			name = Release;
		};
		02F986D72C26F06200A78F8C /* Debug */ = {
			isa = XCBuildConfiguration;
			buildSettings = {
				ASSETCATALOG_COMPILER_APPICON_NAME = AppIcon;
				ASSETCATALOG_COMPILER_GLOBAL_ACCENT_COLOR_NAME = AccentColor;
				CODE_SIGN_STYLE = Automatic;
				CURRENT_PROJECT_VERSION = 1;
				DEVELOPMENT_ASSET_PATHS = "\"SwiftUIAuthTutorial/Preview Content\"";
				ENABLE_PREVIEWS = YES;
				GENERATE_INFOPLIST_FILE = YES;
				INFOPLIST_KEY_UIApplicationSceneManifest_Generation = YES;
				INFOPLIST_KEY_UIApplicationSupportsIndirectInputEvents = YES;
				INFOPLIST_KEY_UILaunchScreen_Generation = YES;
				INFOPLIST_KEY_UISupportedInterfaceOrientations_iPad = "UIInterfaceOrientationPortrait UIInterfaceOrientationPortraitUpsideDown UIInterfaceOrientationLandscapeLeft UIInterfaceOrientationLandscapeRight";
				INFOPLIST_KEY_UISupportedInterfaceOrientations_iPhone = "UIInterfaceOrientationPortrait UIInterfaceOrientationLandscapeLeft UIInterfaceOrientationLandscapeRight";
				LD_RUNPATH_SEARCH_PATHS = (
					"$(inherited)",
					"@executable_path/Frameworks",
				);
				MARKETING_VERSION = 1.0;
				PRODUCT_BUNDLE_IDENTIFIER = com.isik.suayip.SwiftUIAuthTutorial.SwiftUIAuthTutorial;
				PRODUCT_NAME = "$(TARGET_NAME)";
				SWIFT_EMIT_LOC_STRINGS = YES;
				SWIFT_VERSION = 5.0;
				TARGETED_DEVICE_FAMILY = "1,2";
			};
			name = Debug;
		};
		02F986D82C26F06200A78F8C /* Release */ = {
			isa = XCBuildConfiguration;
			buildSettings = {
				ASSETCATALOG_COMPILER_APPICON_NAME = AppIcon;
				ASSETCATALOG_COMPILER_GLOBAL_ACCENT_COLOR_NAME = AccentColor;
				CODE_SIGN_STYLE = Automatic;
				CURRENT_PROJECT_VERSION = 1;
				DEVELOPMENT_ASSET_PATHS = "\"SwiftUIAuthTutorial/Preview Content\"";
				ENABLE_PREVIEWS = YES;
				GENERATE_INFOPLIST_FILE = YES;
				INFOPLIST_KEY_UIApplicationSceneManifest_Generation = YES;
				INFOPLIST_KEY_UIApplicationSupportsIndirectInputEvents = YES;
				INFOPLIST_KEY_UILaunchScreen_Generation = YES;
				INFOPLIST_KEY_UISupportedInterfaceOrientations_iPad = "UIInterfaceOrientationPortrait UIInterfaceOrientationPortraitUpsideDown UIInterfaceOrientationLandscapeLeft UIInterfaceOrientationLandscapeRight";
				INFOPLIST_KEY_UISupportedInterfaceOrientations_iPhone = "UIInterfaceOrientationPortrait UIInterfaceOrientationLandscapeLeft UIInterfaceOrientationLandscapeRight";
				LD_RUNPATH_SEARCH_PATHS = (
					"$(inherited)",
					"@executable_path/Frameworks",
				);
				MARKETING_VERSION = 1.0;
				PRODUCT_BUNDLE_IDENTIFIER = com.isik.suayip.SwiftUIAuthTutorial.SwiftUIAuthTutorial;
				PRODUCT_NAME = "$(TARGET_NAME)";
				SWIFT_EMIT_LOC_STRINGS = YES;
				SWIFT_VERSION = 5.0;
				TARGETED_DEVICE_FAMILY = "1,2";
			};
			name = Release;
		};
/* End XCBuildConfiguration section */

/* Begin XCConfigurationList section */
		02F986C32C26F06100A78F8C /* Build configuration list for PBXProject "SwiftUIAuthTutorial" */ = {
			isa = XCConfigurationList;
			buildConfigurations = (
				02F986D42C26F06200A78F8C /* Debug */,
				02F986D52C26F06200A78F8C /* Release */,
			);
			defaultConfigurationIsVisible = 0;
			defaultConfigurationName = Release;
		};
		02F986D62C26F06200A78F8C /* Build configuration list for PBXNativeTarget "SwiftUIAuthTutorial" */ = {
			isa = XCConfigurationList;
			buildConfigurations = (
				02F986D72C26F06200A78F8C /* Debug */,
				02F986D82C26F06200A78F8C /* Release */,
			);
			defaultConfigurationIsVisible = 0;
			defaultConfigurationName = Release;
		};
/* End XCConfigurationList section */

/* Begin XCRemoteSwiftPackageReference section */
		026182712C2D94600090AB4C /* XCRemoteSwiftPackageReference "firebase-ios-sdk" */ = {
			isa = XCRemoteSwiftPackageReference;
			repositoryURL = "https://github.com/firebase/firebase-ios-sdk";
			requirement = {
				kind = upToNextMajorVersion;
				minimumVersion = 10.28.1;
			};
		};
/* End XCRemoteSwiftPackageReference section */

/* Begin XCSwiftPackageProductDependency section */
		026182722C2D94600090AB4C /* FirebaseAnalytics */ = {
			isa = XCSwiftPackageProductDependency;
			package = 026182712C2D94600090AB4C /* XCRemoteSwiftPackageReference "firebase-ios-sdk" */;
			productName = FirebaseAnalytics;
		};
		026182742C2D94600090AB4C /* FirebaseAnalyticsOnDeviceConversion */ = {
			isa = XCSwiftPackageProductDependency;
			package = 026182712C2D94600090AB4C /* XCRemoteSwiftPackageReference "firebase-ios-sdk" */;
			productName = FirebaseAnalyticsOnDeviceConversion;
		};
		026182762C2D94600090AB4C /* FirebaseAnalyticsSwift */ = {
			isa = XCSwiftPackageProductDependency;
			package = 026182712C2D94600090AB4C /* XCRemoteSwiftPackageReference "firebase-ios-sdk" */;
			productName = FirebaseAnalyticsSwift;
		};
		026182782C2D94600090AB4C /* FirebaseAnalyticsWithoutAdIdSupport */ = {
			isa = XCSwiftPackageProductDependency;
			package = 026182712C2D94600090AB4C /* XCRemoteSwiftPackageReference "firebase-ios-sdk" */;
			productName = FirebaseAnalyticsWithoutAdIdSupport;
		};
		0261827A2C2D94600090AB4C /* FirebaseAppCheck */ = {
			isa = XCSwiftPackageProductDependency;
			package = 026182712C2D94600090AB4C /* XCRemoteSwiftPackageReference "firebase-ios-sdk" */;
			productName = FirebaseAppCheck;
		};
		0261827C2C2D94600090AB4C /* FirebaseAppDistribution-Beta */ = {
			isa = XCSwiftPackageProductDependency;
			package = 026182712C2D94600090AB4C /* XCRemoteSwiftPackageReference "firebase-ios-sdk" */;
			productName = "FirebaseAppDistribution-Beta";
		};
		0261827E2C2D94600090AB4C /* FirebaseAuth */ = {
			isa = XCSwiftPackageProductDependency;
			package = 026182712C2D94600090AB4C /* XCRemoteSwiftPackageReference "firebase-ios-sdk" */;
			productName = FirebaseAuth;
		};
		026182802C2D94600090AB4C /* FirebaseAuthCombine-Community */ = {
			isa = XCSwiftPackageProductDependency;
			package = 026182712C2D94600090AB4C /* XCRemoteSwiftPackageReference "firebase-ios-sdk" */;
			productName = "FirebaseAuthCombine-Community";
		};
		026182822C2D94600090AB4C /* FirebaseCrashlytics */ = {
			isa = XCSwiftPackageProductDependency;
			package = 026182712C2D94600090AB4C /* XCRemoteSwiftPackageReference "firebase-ios-sdk" */;
			productName = FirebaseCrashlytics;
		};
		026182842C2D94600090AB4C /* FirebaseDatabase */ = {
			isa = XCSwiftPackageProductDependency;
			package = 026182712C2D94600090AB4C /* XCRemoteSwiftPackageReference "firebase-ios-sdk" */;
			productName = FirebaseDatabase;
		};
		026182862C2D94600090AB4C /* FirebaseDatabaseSwift */ = {
			isa = XCSwiftPackageProductDependency;
			package = 026182712C2D94600090AB4C /* XCRemoteSwiftPackageReference "firebase-ios-sdk" */;
			productName = FirebaseDatabaseSwift;
		};
		026182882C2D94600090AB4C /* FirebaseDynamicLinks */ = {
			isa = XCSwiftPackageProductDependency;
			package = 026182712C2D94600090AB4C /* XCRemoteSwiftPackageReference "firebase-ios-sdk" */;
			productName = FirebaseDynamicLinks;
		};
		0261828A2C2D94600090AB4C /* FirebaseFunctions */ = {
			isa = XCSwiftPackageProductDependency;
			package = 026182712C2D94600090AB4C /* XCRemoteSwiftPackageReference "firebase-ios-sdk" */;
			productName = FirebaseFunctions;
		};
		0261828C2C2D94600090AB4C /* FirebaseFunctionsCombine-Community */ = {
			isa = XCSwiftPackageProductDependency;
			package = 026182712C2D94600090AB4C /* XCRemoteSwiftPackageReference "firebase-ios-sdk" */;
			productName = "FirebaseFunctionsCombine-Community";
		};
		0261828E2C2D94600090AB4C /* FirebaseInAppMessaging-Beta */ = {
			isa = XCSwiftPackageProductDependency;
			package = 026182712C2D94600090AB4C /* XCRemoteSwiftPackageReference "firebase-ios-sdk" */;
			productName = "FirebaseInAppMessaging-Beta";
		};
		026182902C2D94600090AB4C /* FirebaseInAppMessagingSwift-Beta */ = {
			isa = XCSwiftPackageProductDependency;
			package = 026182712C2D94600090AB4C /* XCRemoteSwiftPackageReference "firebase-ios-sdk" */;
			productName = "FirebaseInAppMessagingSwift-Beta";
		};
		026182922C2D94600090AB4C /* FirebaseInstallations */ = {
			isa = XCSwiftPackageProductDependency;
			package = 026182712C2D94600090AB4C /* XCRemoteSwiftPackageReference "firebase-ios-sdk" */;
			productName = FirebaseInstallations;
		};
		026182942C2D94600090AB4C /* FirebaseMLModelDownloader */ = {
			isa = XCSwiftPackageProductDependency;
			package = 026182712C2D94600090AB4C /* XCRemoteSwiftPackageReference "firebase-ios-sdk" */;
			productName = FirebaseMLModelDownloader;
		};
		026182962C2D94600090AB4C /* FirebaseMessaging */ = {
			isa = XCSwiftPackageProductDependency;
			package = 026182712C2D94600090AB4C /* XCRemoteSwiftPackageReference "firebase-ios-sdk" */;
			productName = FirebaseMessaging;
		};
		026182982C2D94600090AB4C /* FirebasePerformance */ = {
			isa = XCSwiftPackageProductDependency;
			package = 026182712C2D94600090AB4C /* XCRemoteSwiftPackageReference "firebase-ios-sdk" */;
			productName = FirebasePerformance;
		};
		0261829A2C2D94600090AB4C /* FirebaseRemoteConfig */ = {
			isa = XCSwiftPackageProductDependency;
			package = 026182712C2D94600090AB4C /* XCRemoteSwiftPackageReference "firebase-ios-sdk" */;
			productName = FirebaseRemoteConfig;
		};
		0261829C2C2D94600090AB4C /* FirebaseRemoteConfigSwift */ = {
			isa = XCSwiftPackageProductDependency;
			package = 026182712C2D94600090AB4C /* XCRemoteSwiftPackageReference "firebase-ios-sdk" */;
			productName = FirebaseRemoteConfigSwift;
		};
		0261829E2C2D94600090AB4C /* FirebaseStorage */ = {
			isa = XCSwiftPackageProductDependency;
			package = 026182712C2D94600090AB4C /* XCRemoteSwiftPackageReference "firebase-ios-sdk" */;
			productName = FirebaseStorage;
		};
		026182A02C2D94600090AB4C /* FirebaseStorageCombine-Community */ = {
			isa = XCSwiftPackageProductDependency;
			package = 026182712C2D94600090AB4C /* XCRemoteSwiftPackageReference "firebase-ios-sdk" */;
			productName = "FirebaseStorageCombine-Community";
		};
		026182A22C2D94600090AB4C /* FirebaseVertexAI-Preview */ = {
			isa = XCSwiftPackageProductDependency;
			package = 026182712C2D94600090AB4C /* XCRemoteSwiftPackageReference "firebase-ios-sdk" */;
			productName = "FirebaseVertexAI-Preview";
		};
		02E5DD882C2EAFFB004EFE00 /* FirebaseAnalytics */ = {
			isa = XCSwiftPackageProductDependency;
			package = 026182712C2D94600090AB4C /* XCRemoteSwiftPackageReference "firebase-ios-sdk" */;
			productName = FirebaseAnalytics;
		};
		02E5DD8A2C2EAFFB004EFE00 /* FirebaseAnalyticsOnDeviceConversion */ = {
			isa = XCSwiftPackageProductDependency;
			package = 026182712C2D94600090AB4C /* XCRemoteSwiftPackageReference "firebase-ios-sdk" */;
			productName = FirebaseAnalyticsOnDeviceConversion;
		};
		02E5DD8C2C2EAFFB004EFE00 /* FirebaseAnalyticsSwift */ = {
			isa = XCSwiftPackageProductDependency;
			package = 026182712C2D94600090AB4C /* XCRemoteSwiftPackageReference "firebase-ios-sdk" */;
			productName = FirebaseAnalyticsSwift;
		};
		02E5DD8E2C2EAFFB004EFE00 /* FirebaseAnalyticsWithoutAdIdSupport */ = {
			isa = XCSwiftPackageProductDependency;
			package = 026182712C2D94600090AB4C /* XCRemoteSwiftPackageReference "firebase-ios-sdk" */;
			productName = FirebaseAnalyticsWithoutAdIdSupport;
		};
		02E5DD902C2EAFFB004EFE00 /* FirebaseAppCheck */ = {
			isa = XCSwiftPackageProductDependency;
			package = 026182712C2D94600090AB4C /* XCRemoteSwiftPackageReference "firebase-ios-sdk" */;
			productName = FirebaseAppCheck;
		};
		02E5DD922C2EAFFB004EFE00 /* FirebaseAppDistribution-Beta */ = {
			isa = XCSwiftPackageProductDependency;
			package = 026182712C2D94600090AB4C /* XCRemoteSwiftPackageReference "firebase-ios-sdk" */;
			productName = "FirebaseAppDistribution-Beta";
		};
		02E5DD942C2EAFFB004EFE00 /* FirebaseAuth */ = {
			isa = XCSwiftPackageProductDependency;
			package = 026182712C2D94600090AB4C /* XCRemoteSwiftPackageReference "firebase-ios-sdk" */;
			productName = FirebaseAuth;
		};
		02E5DD962C2EAFFB004EFE00 /* FirebaseAuthCombine-Community */ = {
			isa = XCSwiftPackageProductDependency;
			package = 026182712C2D94600090AB4C /* XCRemoteSwiftPackageReference "firebase-ios-sdk" */;
			productName = "FirebaseAuthCombine-Community";
		};
		02E5DD982C2EAFFB004EFE00 /* FirebaseCrashlytics */ = {
			isa = XCSwiftPackageProductDependency;
			package = 026182712C2D94600090AB4C /* XCRemoteSwiftPackageReference "firebase-ios-sdk" */;
			productName = FirebaseCrashlytics;
		};
		02E5DD9A2C2EAFFB004EFE00 /* FirebaseDatabase */ = {
			isa = XCSwiftPackageProductDependency;
			package = 026182712C2D94600090AB4C /* XCRemoteSwiftPackageReference "firebase-ios-sdk" */;
			productName = FirebaseDatabase;
		};
		02E5DD9C2C2EAFFB004EFE00 /* FirebaseDatabaseSwift */ = {
			isa = XCSwiftPackageProductDependency;
			package = 026182712C2D94600090AB4C /* XCRemoteSwiftPackageReference "firebase-ios-sdk" */;
			productName = FirebaseDatabaseSwift;
		};
		02E5DD9E2C2EB103004EFE00 /* FirebaseAnalytics */ = {
			isa = XCSwiftPackageProductDependency;
			package = 026182712C2D94600090AB4C /* XCRemoteSwiftPackageReference "firebase-ios-sdk" */;
			productName = FirebaseAnalytics;
		};
		02E5DDA02C2EB103004EFE00 /* FirebaseAnalyticsOnDeviceConversion */ = {
			isa = XCSwiftPackageProductDependency;
			package = 026182712C2D94600090AB4C /* XCRemoteSwiftPackageReference "firebase-ios-sdk" */;
			productName = FirebaseAnalyticsOnDeviceConversion;
		};
		02E5DDA22C2EB103004EFE00 /* FirebaseAnalyticsSwift */ = {
			isa = XCSwiftPackageProductDependency;
			package = 026182712C2D94600090AB4C /* XCRemoteSwiftPackageReference "firebase-ios-sdk" */;
			productName = FirebaseAnalyticsSwift;
		};
		02E5DDA42C2EB103004EFE00 /* FirebaseAnalyticsWithoutAdIdSupport */ = {
			isa = XCSwiftPackageProductDependency;
			package = 026182712C2D94600090AB4C /* XCRemoteSwiftPackageReference "firebase-ios-sdk" */;
			productName = FirebaseAnalyticsWithoutAdIdSupport;
		};
		02E5DDA62C2EB103004EFE00 /* FirebaseAppCheck */ = {
			isa = XCSwiftPackageProductDependency;
			package = 026182712C2D94600090AB4C /* XCRemoteSwiftPackageReference "firebase-ios-sdk" */;
			productName = FirebaseAppCheck;
		};
		02E5DDA82C2EB25F004EFE00 /* FirebaseFirestoreSwift */ = {
			isa = XCSwiftPackageProductDependency;
			package = 026182712C2D94600090AB4C /* XCRemoteSwiftPackageReference "firebase-ios-sdk" */;
			productName = FirebaseFirestoreSwift;
		};
		02E5DDAA2C2EB475004EFE00 /* FirebaseAnalytics */ = {
			isa = XCSwiftPackageProductDependency;
			package = 026182712C2D94600090AB4C /* XCRemoteSwiftPackageReference "firebase-ios-sdk" */;
			productName = FirebaseAnalytics;
		};
		02E5DDAC2C2EB475004EFE00 /* FirebaseAnalyticsOnDeviceConversion */ = {
			isa = XCSwiftPackageProductDependency;
			package = 026182712C2D94600090AB4C /* XCRemoteSwiftPackageReference "firebase-ios-sdk" */;
			productName = FirebaseAnalyticsOnDeviceConversion;
		};
		02E5DDAE2C2EB475004EFE00 /* FirebaseAnalyticsSwift */ = {
			isa = XCSwiftPackageProductDependency;
			package = 026182712C2D94600090AB4C /* XCRemoteSwiftPackageReference "firebase-ios-sdk" */;
			productName = FirebaseAnalyticsSwift;
		};
		02E5DDB02C2EB475004EFE00 /* FirebaseAnalyticsWithoutAdIdSupport */ = {
			isa = XCSwiftPackageProductDependency;
			package = 026182712C2D94600090AB4C /* XCRemoteSwiftPackageReference "firebase-ios-sdk" */;
			productName = FirebaseAnalyticsWithoutAdIdSupport;
		};
		02E5DDB22C2EB475004EFE00 /* FirebaseAppCheck */ = {
			isa = XCSwiftPackageProductDependency;
			package = 026182712C2D94600090AB4C /* XCRemoteSwiftPackageReference "firebase-ios-sdk" */;
			productName = FirebaseAppCheck;
		};
/* End XCSwiftPackageProductDependency section */
	};
	rootObject = 02F986C02C26F06100A78F8C /* Project object */;
}
